<Solution>
  <Folder Name="/src/">
    <Project Path="src/SMSMarica.Api/SMSMarica.Api.csproj" />
    <Project Path="src/SMSMarica.Core/SMSMarica.Core.csproj" />
    <Project Path="src/SMSMarica.Data/SMSMarica.Data.csproj" />
  </Folder>
  <Folder Name="/tests/">
    <Project Path="tests/SMSMais.Tests/SMSMais.Tests.csproj" />
  </Folder>
</Solution>
